
Microsoft Visual Studio Solution File, Format Version 12.00
# Visual Studio Version 16
VisualStudioVersion = 16.0.30804.86
MinimumVisualStudioVersion = 10.0.40219.1
Project("{9A19103F-16F7-4668-BE54-9A1E7A4F7556}") = "SympliProject", "SympliProject\SympliProject.csproj", "{B73098A9-58D5-4868-A568-B3DD24DB39E9}"
EndProject
Project("{FAE04EC0-301F-11D3-BF4B-00C04F79EFBC}") = "SympliProjectTest", "SympliProjectTest\SympliProjectTest.csproj", "{1417EF22-25DE-4883-AE6B-70E4DE4584D9}"
EndProject
Global
	GlobalSection(SolutionConfigurationPlatforms) = preSolution
		Debug|Any CPU = Debug|Any CPU
		Release|Any CPU = Release|Any CPU
	EndGlobalSection
	GlobalSection(ProjectConfigurationPlatforms) = postSolution
		{B73098A9-58D5-4868-A568-B3DD24DB39E9}.Debug|Any CPU.ActiveCfg = Debug|Any CPU
		{B73098A9-58D5-4868-A568-B3DD24DB39E9}.Debug|Any CPU.Build.0 = Debug|Any CPU
		{B73098A9-58D5-4868-A568-B3DD24DB39E9}.Release|Any CPU.ActiveCfg = Release|Any CPU
		{B73098A9-58D5-4868-A568-B3DD24DB39E9}.Release|Any CPU.Build.0 = Release|Any CPU
		{1417EF22-25DE-4883-AE6B-70E4DE4584D9}.Debug|Any CPU.ActiveCfg = Debug|Any CPU
		{1417EF22-25DE-4883-AE6B-70E4DE4584D9}.Debug|Any CPU.Build.0 = Debug|Any CPU
		{1417EF22-25DE-4883-AE6B-70E4DE4584D9}.Release|Any CPU.ActiveCfg = Release|Any CPU
		{1417EF22-25DE-4883-AE6B-70E4DE4584D9}.Release|Any CPU.Build.0 = Release|Any CPU
	EndGlobalSection
	GlobalSection(SolutionProperties) = preSolution
		HideSolutionNode = FALSE
	EndGlobalSection
	GlobalSection(ExtensibilityGlobals) = postSolution
		SolutionGuid = {766A1C2B-1B15-49F6-BCA6-364F655EBF75}
	EndGlobalSection
EndGlobal
